// !$*UTF8*$!
{
	archiveVersion = 1;
	classes = {
	};
	objectVersion = 46;
	objects = {

/* Begin PBXBuildFile section */
		7D88F6291AE272310087CD62 /* AppDelegate.swift in Sources */ = {isa = PBXBuildFile; fileRef = 7D88F6281AE272310087CD62 /* AppDelegate.swift */; };
		7D88F62B1AE272310087CD62 /* ViewController.swift in Sources */ = {isa = PBXBuildFile; fileRef = 7D88F62A1AE272310087CD62 /* ViewController.swift */; };
		7D88F62E1AE272310087CD62 /* Main.storyboard in Resources */ = {isa = PBXBuildFile; fileRef = 7D88F62C1AE272310087CD62 /* Main.storyboard */; };
		7D88F6301AE272310087CD62 /* Images.xcassets in Resources */ = {isa = PBXBuildFile; fileRef = 7D88F62F1AE272310087CD62 /* Images.xcassets */; };
		7D88F6331AE272310087CD62 /* LaunchScreen.xib in Resources */ = {isa = PBXBuildFile; fileRef = 7D88F6311AE272310087CD62 /* LaunchScreen.xib */; };
		7D88F63F1AE272310087CD62 /* DBFMTests.swift in Sources */ = {isa = PBXBuildFile; fileRef = 7D88F63E1AE272310087CD62 /* DBFMTests.swift */; };
		7D88F6491AE28BCD0087CD62 /* EkoImage.swift in Sources */ = {isa = PBXBuildFile; fileRef = 7D88F6481AE28BCD0087CD62 /* EkoImage.swift */; };
		7DC8A5271AE3B499000DC9DF /* ChannelController.swift in Sources */ = {isa = PBXBuildFile; fileRef = 7DC8A5261AE3B499000DC9DF /* ChannelController.swift */; };
		7DC8A52A1AE3E53E000DC9DF /* Alamofire.swift in Sources */ = {isa = PBXBuildFile; fileRef = 7DC8A5281AE3E53E000DC9DF /* Alamofire.swift */; };
		7DC8A52B1AE3E53E000DC9DF /* SwiftyJSON.swift in Sources */ = {isa = PBXBuildFile; fileRef = 7DC8A5291AE3E53E000DC9DF /* SwiftyJSON.swift */; };
		7DC8A52D1AE3E55E000DC9DF /* HTTPController.swift in Sources */ = {isa = PBXBuildFile; fileRef = 7DC8A52C1AE3E55E000DC9DF /* HTTPController.swift */; };
		7DD2AEF91AE7D1DB0015C7A9 /* EkoButton.swift in Sources */ = {isa = PBXBuildFile; fileRef = 7DD2AEF81AE7D1DB0015C7A9 /* EkoButton.swift */; };
		7DD2AEFB1AE7DA240015C7A9 /* HRToast+UIView.swift in Sources */ = {isa = PBXBuildFile; fileRef = 7DD2AEFA1AE7DA240015C7A9 /* HRToast+UIView.swift */; };
		7DD2AEFD1AE7DA3D0015C7A9 /* OrderButton.swift in Sources */ = {isa = PBXBuildFile; fileRef = 7DD2AEFC1AE7DA3D0015C7A9 /* OrderButton.swift */; };
/* End PBXBuildFile section */

/* Begin PBXContainerItemProxy section */
		7D88F6391AE272310087CD62 /* PBXContainerItemProxy */ = {
			isa = PBXContainerItemProxy;
			containerPortal = 7D88F61B1AE272310087CD62 /* Project object */;
			proxyType = 1;
			remoteGlobalIDString = 7D88F6221AE272310087CD62;
			remoteInfo = DBFM;
		};
/* End PBXContainerItemProxy section */

/* Begin PBXFileReference section */
		7D88F6231AE272310087CD62 /* DBFM.app */ = {isa = PBXFileReference; explicitFileType = wrapper.application; includeInIndex = 0; path = DBFM.app; sourceTree = BUILT_PRODUCTS_DIR; };
		7D88F6271AE272310087CD62 /* Info.plist */ = {isa = PBXFileReference; lastKnownFileType = text.plist.xml; path = Info.plist; sourceTree = "<group>"; };
		7D88F6281AE272310087CD62 /* AppDelegate.swift */ = {isa = PBXFileReference; lastKnownFileType = sourcecode.swift; path = AppDelegate.swift; sourceTree = "<group>"; };
		7D88F62A1AE272310087CD62 /* ViewController.swift */ = {isa = PBXFileReference; lastKnownFileType = sourcecode.swift; path = ViewController.swift; sourceTree = "<group>"; };
		7D88F62D1AE272310087CD62 /* Base */ = {isa = PBXFileReference; lastKnownFileType = file.storyboard; name = Base; path = Base.lproj/Main.storyboard; sourceTree = "<group>"; };
		7D88F62F1AE272310087CD62 /* Images.xcassets */ = {isa = PBXFileReference; lastKnownFileType = folder.assetcatalog; path = Images.xcassets; sourceTree = "<group>"; };
		7D88F6321AE272310087CD62 /* Base */ = {isa = PBXFileReference; lastKnownFileType = file.xib; name = Base; path = Base.lproj/LaunchScreen.xib; sourceTree = "<group>"; };
		7D88F6381AE272310087CD62 /* DBFMTests.xctest */ = {isa = PBXFileReference; explicitFileType = wrapper.cfbundle; includeInIndex = 0; path = DBFMTests.xctest; sourceTree = BUILT_PRODUCTS_DIR; };
		7D88F63D1AE272310087CD62 /* Info.plist */ = {isa = PBXFileReference; lastKnownFileType = text.plist.xml; path = Info.plist; sourceTree = "<group>"; };
		7D88F63E1AE272310087CD62 /* DBFMTests.swift */ = {isa = PBXFileReference; lastKnownFileType = sourcecode.swift; path = DBFMTests.swift; sourceTree = "<group>"; };
		7D88F6481AE28BCD0087CD62 /* EkoImage.swift */ = {isa = PBXFileReference; fileEncoding = 4; lastKnownFileType = sourcecode.swift; path = EkoImage.swift; sourceTree = "<group>"; };
		7DC8A5261AE3B499000DC9DF /* ChannelController.swift */ = {isa = PBXFileReference; fileEncoding = 4; lastKnownFileType = sourcecode.swift; path = ChannelController.swift; sourceTree = "<group>"; };
		7DC8A5281AE3E53E000DC9DF /* Alamofire.swift */ = {isa = PBXFileReference; fileEncoding = 4; lastKnownFileType = sourcecode.swift; path = Alamofire.swift; sourceTree = "<group>"; };
		7DC8A5291AE3E53E000DC9DF /* SwiftyJSON.swift */ = {isa = PBXFileReference; fileEncoding = 4; lastKnownFileType = sourcecode.swift; path = SwiftyJSON.swift; sourceTree = "<group>"; };
		7DC8A52C1AE3E55E000DC9DF /* HTTPController.swift */ = {isa = PBXFileReference; fileEncoding = 4; lastKnownFileType = sourcecode.swift; path = HTTPController.swift; sourceTree = "<group>"; };
		7DD2AEF81AE7D1DB0015C7A9 /* EkoButton.swift */ = {isa = PBXFileReference; fileEncoding = 4; lastKnownFileType = sourcecode.swift; path = EkoButton.swift; sourceTree = "<group>"; };
		7DD2AEFA1AE7DA240015C7A9 /* HRToast+UIView.swift */ = {isa = PBXFileReference; fileEncoding = 4; lastKnownFileType = sourcecode.swift; path = "HRToast+UIView.swift"; sourceTree = "<group>"; };
		7DD2AEFC1AE7DA3D0015C7A9 /* OrderButton.swift */ = {isa = PBXFileReference; fileEncoding = 4; lastKnownFileType = sourcecode.swift; path = OrderButton.swift; sourceTree = "<group>"; };
/* End PBXFileReference section */

/* Begin PBXFrameworksBuildPhase section */
		7D88F6201AE272310087CD62 /* Frameworks */ = {
			isa = PBXFrameworksBuildPhase;
			buildActionMask = 2147483647;
			files = (
			);
			runOnlyForDeploymentPostprocessing = 0;
		};
		7D88F6351AE272310087CD62 /* Frameworks */ = {
			isa = PBXFrameworksBuildPhase;
			buildActionMask = 2147483647;
			files = (
			);
			runOnlyForDeploymentPostprocessing = 0;
		};
/* End PBXFrameworksBuildPhase section */

/* Begin PBXGroup section */
		7D88F61A1AE272310087CD62 = {
			isa = PBXGroup;
			children = (
				7D88F6251AE272310087CD62 /* DBFM */,
				7D88F63B1AE272310087CD62 /* DBFMTests */,
				7D88F6241AE272310087CD62 /* Products */,
			);
			sourceTree = "<group>";
		};
		7D88F6241AE272310087CD62 /* Products */ = {
			isa = PBXGroup;
			children = (
				7D88F6231AE272310087CD62 /* DBFM.app */,
				7D88F6381AE272310087CD62 /* DBFMTests.xctest */,
			);
			name = Products;
			sourceTree = "<group>";
		};
		7D88F6251AE272310087CD62 /* DBFM */ = {
			isa = PBXGroup;
			children = (
				7DD2AEFA1AE7DA240015C7A9 /* HRToast+UIView.swift */,
				7DD2AEFC1AE7DA3D0015C7A9 /* OrderButton.swift */,
				7D88F6281AE272310087CD62 /* AppDelegate.swift */,
				7DD2AEF81AE7D1DB0015C7A9 /* EkoButton.swift */,
				7D88F62A1AE272310087CD62 /* ViewController.swift */,
				7DC8A5261AE3B499000DC9DF /* ChannelController.swift */,
				7DC8A52C1AE3E55E000DC9DF /* HTTPController.swift */,
				7D88F62C1AE272310087CD62 /* Main.storyboard */,
				7DC8A5281AE3E53E000DC9DF /* Alamofire.swift */,
				7DC8A5291AE3E53E000DC9DF /* SwiftyJSON.swift */,
				7D88F6481AE28BCD0087CD62 /* EkoImage.swift */,
				7D88F62F1AE272310087CD62 /* Images.xcassets */,
				7D88F6311AE272310087CD62 /* LaunchScreen.xib */,
				7D88F6261AE272310087CD62 /* Supporting Files */,
			);
			path = DBFM;
			sourceTree = "<group>";
		};
		7D88F6261AE272310087CD62 /* Supporting Files */ = {
			isa = PBXGroup;
			children = (
				7D88F6271AE272310087CD62 /* Info.plist */,
			);
			name = "Supporting Files";
			sourceTree = "<group>";
		};
		7D88F63B1AE272310087CD62 /* DBFMTests */ = {
			isa = PBXGroup;
			children = (
				7D88F63E1AE272310087CD62 /* DBFMTests.swift */,
				7D88F63C1AE272310087CD62 /* Supporting Files */,
			);
			path = DBFMTests;
			sourceTree = "<group>";
		};
		7D88F63C1AE272310087CD62 /* Supporting Files */ = {
			isa = PBXGroup;
			children = (
				7D88F63D1AE272310087CD62 /* Info.plist */,
			);
			name = "Supporting Files";
			sourceTree = "<group>";
		};
/* End PBXGroup section */

/* Begin PBXNativeTarget section */
		7D88F6221AE272310087CD62 /* DBFM */ = {
			isa = PBXNativeTarget;
			buildConfigurationList = 7D88F6421AE272310087CD62 /* Build configuration list for PBXNativeTarget "DBFM" */;
			buildPhases = (
				7D88F61F1AE272310087CD62 /* Sources */,
				7D88F6201AE272310087CD62 /* Frameworks */,
				7D88F6211AE272310087CD62 /* Resources */,
			);
			buildRules = (
			);
			dependencies = (
			);
			name = DBFM;
			productName = DBFM;
			productReference = 7D88F6231AE272310087CD62 /* DBFM.app */;
			productType = "com.apple.product-type.application";
		};
		7D88F6371AE272310087CD62 /* DBFMTests */ = {
			isa = PBXNativeTarget;
			buildConfigurationList = 7D88F6451AE272310087CD62 /* Build configuration list for PBXNativeTarget "DBFMTests" */;
			buildPhases = (
				7D88F6341AE272310087CD62 /* Sources */,
				7D88F6351AE272310087CD62 /* Frameworks */,
				7D88F6361AE272310087CD62 /* Resources */,
			);
			buildRules = (
			);
			dependencies = (
				7D88F63A1AE272310087CD62 /* PBXTargetDependency */,
			);
			name = DBFMTests;
			productName = DBFMTests;
			productReference = 7D88F6381AE272310087CD62 /* DBFMTests.xctest */;
			productType = "com.apple.product-type.bundle.unit-test";
		};
/* End PBXNativeTarget section */

/* Begin PBXProject section */
		7D88F61B1AE272310087CD62 /* Project object */ = {
			isa = PBXProject;
			attributes = {
				LastUpgradeCheck = 0630;
				ORGANIZATIONNAME = eko;
				TargetAttributes = {
					7D88F6221AE272310087CD62 = {
						CreatedOnToolsVersion = 6.3;
					};
					7D88F6371AE272310087CD62 = {
						CreatedOnToolsVersion = 6.3;
						TestTargetID = 7D88F6221AE272310087CD62;
					};
				};
			};
			buildConfigurationList = 7D88F61E1AE272310087CD62 /* Build configuration list for PBXProject "DBFM" */;
			compatibilityVersion = "Xcode 3.2";
			developmentRegion = English;
			hasScannedForEncodings = 0;
			knownRegions = (
				en,
				Base,
			);
			mainGroup = 7D88F61A1AE272310087CD62;
			productRefGroup = 7D88F6241AE272310087CD62 /* Products */;
			projectDirPath = "";
			projectRoot = "";
			targets = (
				7D88F6221AE272310087CD62 /* DBFM */,
				7D88F6371AE272310087CD62 /* DBFMTests */,
			);
		};
/* End PBXProject section */

/* Begin PBXResourcesBuildPhase section */
		7D88F6211AE272310087CD62 /* Resources */ = {
			isa = PBXResourcesBuildPhase;
			buildActionMask = 2147483647;
			files = (
				7D88F62E1AE272310087CD62 /* Main.storyboard in Resources */,
				7D88F6331AE272310087CD62 /* LaunchScreen.xib in Resources */,
				7D88F6301AE272310087CD62 /* Images.xcassets in Resources */,
			);
			runOnlyForDeploymentPostprocessing = 0;
		};
		7D88F6361AE272310087CD62 /* Resources */ = {
			isa = PBXResourcesBuildPhase;
			buildActionMask = 2147483647;
			files = (
			);
			runOnlyForDeploymentPostprocessing = 0;
		};
/* End PBXResourcesBuildPhase section */

/* Begin PBXSourcesBuildPhase section */
		7D88F61F1AE272310087CD62 /* Sources */ = {
			isa = PBXSourcesBuildPhase;
			buildActionMask = 2147483647;
			files = (
				7D88F6491AE28BCD0087CD62 /* EkoImage.swift in Sources */,
				7DC8A52D1AE3E55E000DC9DF /* HTTPController.swift in Sources */,
				7DC8A52A1AE3E53E000DC9DF /* Alamofire.swift in Sources */,
				7D88F62B1AE272310087CD62 /* ViewController.swift in Sources */,
				7DC8A52B1AE3E53E000DC9DF /* SwiftyJSON.swift in Sources */,
				7DD2AEFB1AE7DA240015C7A9 /* HRToast+UIView.swift in Sources */,
				7DD2AEF91AE7D1DB0015C7A9 /* EkoButton.swift in Sources */,
				7D88F6291AE272310087CD62 /* AppDelegate.swift in Sources */,
				7DD2AEFD1AE7DA3D0015C7A9 /* OrderButton.swift in Sources */,
				7DC8A5271AE3B499000DC9DF /* ChannelController.swift in Sources */,
			);
			runOnlyForDeploymentPostprocessing = 0;
		};
		7D88F6341AE272310087CD62 /* Sources */ = {
			isa = PBXSourcesBuildPhase;
			buildActionMask = 2147483647;
			files = (
				7D88F63F1AE272310087CD62 /* DBFMTests.swift in Sources */,
			);
			runOnlyForDeploymentPostprocessing = 0;
		};
/* End PBXSourcesBuildPhase section */

/* Begin PBXTargetDependency section */
		7D88F63A1AE272310087CD62 /* PBXTargetDependency */ = {
			isa = PBXTargetDependency;
			target = 7D88F6221AE272310087CD62 /* DBFM */;
			targetProxy = 7D88F6391AE272310087CD62 /* PBXContainerItemProxy */;
		};
/* End PBXTargetDependency section */

/* Begin PBXVariantGroup section */
		7D88F62C1AE272310087CD62 /* Main.storyboard */ = {
			isa = PBXVariantGroup;
			children = (
				7D88F62D1AE272310087CD62 /* Base */,
			);
			name = Main.storyboard;
			sourceTree = "<group>";
		};
		7D88F6311AE272310087CD62 /* LaunchScreen.xib */ = {
			isa = PBXVariantGroup;
			children = (
				7D88F6321AE272310087CD62 /* Base */,
			);
			name = LaunchScreen.xib;
			sourceTree = "<group>";
		};
/* End PBXVariantGroup section */

/* Begin XCBuildConfiguration section */
		7D88F6401AE272310087CD62 /* Debug */ = {
			isa = XCBuildConfiguration;
			buildSettings = {
				ALWAYS_SEARCH_USER_PATHS = NO;
				CLANG_CXX_LANGUAGE_STANDARD = "gnu++0x";
				CLANG_CXX_LIBRARY = "libc++";
				CLANG_ENABLE_MODULES = YES;
				CLANG_ENABLE_OBJC_ARC = YES;
				CLANG_WARN_BOOL_CONVERSION = YES;
				CLANG_WARN_CONSTANT_CONVERSION = YES;
				CLANG_WARN_DIRECT_OBJC_ISA_USAGE = YES_ERROR;
				CLANG_WARN_EMPTY_BODY = YES;
				CLANG_WARN_ENUM_CONVERSION = YES;
				CLANG_WARN_INT_CONVERSION = YES;
				CLANG_WARN_OBJC_ROOT_CLASS = YES_ERROR;
				CLANG_WARN_UNREACHABLE_CODE = YES;
				CLANG_WARN__DUPLICATE_METHOD_MATCH = YES;
				"CODE_SIGN_IDENTITY[sdk=iphoneos*]" = "iPhone Developer";
				COPY_PHASE_STRIP = NO;
				DEBUG_INFORMATION_FORMAT = "dwarf-with-dsym";
				ENABLE_STRICT_OBJC_MSGSEND = YES;
				GCC_C_LANGUAGE_STANDARD = gnu99;
				GCC_DYNAMIC_NO_PIC = NO;
				GCC_NO_COMMON_BLOCKS = YES;
				GCC_OPTIMIZATION_LEVEL = 0;
				GCC_PREPROCESSOR_DEFINITIONS = (
					"DEBUG=1",
					"$(inherited)",
				);
				GCC_SYMBOLS_PRIVATE_EXTERN = NO;
				GCC_WARN_64_TO_32_BIT_CONVERSION = YES;
				GCC_WARN_ABOUT_RETURN_TYPE = YES_ERROR;
				GCC_WARN_UNDECLARED_SELECTOR = YES;
				GCC_WARN_UNINITIALIZED_AUTOS = YES_AGGRESSIVE;
				GCC_WARN_UNUSED_FUNCTION = YES;
				GCC_WARN_UNUSED_VARIABLE = YES;
				IPHONEOS_DEPLOYMENT_TARGET = 8.3;
				MTL_ENABLE_DEBUG_INFO = YES;
				ONLY_ACTIVE_ARCH = YES;
				SDKROOT = iphoneos;
				SWIFT_OPTIMIZATION_LEVEL = "-Onone";
			};
			name = Debug;
		};
		7D88F6411AE272310087CD62 /* Release */ = {
			isa = XCBuildConfiguration;
			buildSettings = {
				ALWAYS_SEARCH_USER_PATHS = NO;
				CLANG_CXX_LANGUAGE_STANDARD = "gnu++0x";
				CLANG_CXX_LIBRARY = "libc++";
				CLANG_ENABLE_MODULES = YES;
				CLANG_ENABLE_OBJC_ARC = YES;
				CLANG_WARN_BOOL_CONVERSION = YES;
				CLANG_WARN_CONSTANT_CONVERSION = YES;
				CLANG_WARN_DIRECT_OBJC_ISA_USAGE = YES_ERROR;
				CLANG_WARN_EMPTY_BODY = YES;
				CLANG_WARN_ENUM_CONVERSION = YES;
				CLANG_WARN_INT_CONVERSION = YES;
				CLANG_WARN_OBJC_ROOT_CLASS = YES_ERROR;
				CLANG_WARN_UNREACHABLE_CODE = YES;
				CLANG_WARN__DUPLICATE_METHOD_MATCH = YES;
				"CODE_SIGN_IDENTITY[sdk=iphoneos*]" = "iPhone Developer";
				COPY_PHASE_STRIP = NO;
				DEBUG_INFORMATION_FORMAT = "dwarf-with-dsym";
				ENABLE_NS_ASSERTIONS = NO;
				ENABLE_STRICT_OBJC_MSGSEND = YES;
				GCC_C_LANGUAGE_STANDARD = gnu99;
				GCC_NO_COMMON_BLOCKS = YES;
				GCC_WARN_64_TO_32_BIT_CONVERSION = YES;
				GCC_WARN_ABOUT_RETURN_TYPE = YES_ERROR;
				GCC_WARN_UNDECLARED_SELECTOR = YES;
				GCC_WARN_UNINITIALIZED_AUTOS = YES_AGGRESSIVE;
				GCC_WARN_UNUSED_FUNCTION = YES;
				GCC_WARN_UNUSED_VARIABLE = YES;
				IPHONEOS_DEPLOYMENT_TARGET = 8.3;
				MTL_ENABLE_DEBUG_INFO = NO;
				SDKROOT = iphoneos;
				VALIDATE_PRODUCT = YES;
			};
			name = Release;
		};
		7D88F6431AE272310087CD62 /* Debug */ = {
			isa = XCBuildConfiguration;
			buildSettings = {
				ASSETCATALOG_COMPILER_APPICON_NAME = AppIcon;
				INFOPLIST_FILE = DBFM/Info.plist;
				LD_RUNPATH_SEARCH_PATHS = "$(inherited) @executable_path/Frameworks";
				PRODUCT_NAME = "$(TARGET_NAME)";
			};
			name = Debug;
		};
		7D88F6441AE272310087CD62 /* Release */ = {
			isa = XCBuildConfiguration;
			buildSettings = {
				ASSETCATALOG_COMPILER_APPICON_NAME = AppIcon;
				INFOPLIST_FILE = DBFM/Info.plist;
				LD_RUNPATH_SEARCH_PATHS = "$(inherited) @executable_path/Frameworks";
				PRODUCT_NAME = "$(TARGET_NAME)";
			};
			name = Release;
		};
		7D88F6461AE272310087CD62 /* Debug */ = {
			isa = XCBuildConfiguration;
			buildSettings = {
				BUNDLE_LOADER = "$(TEST_HOST)";
				FRAMEWORK_SEARCH_PATHS = (
					"$(SDKROOT)/Developer/Library/Frameworks",
					"$(inherited)",
				);
				GCC_PREPROCESSOR_DEFINITIONS = (
					"DEBUG=1",
					"$(inherited)",
				);
				INFOPLIST_FILE = DBFMTests/Info.plist;
				LD_RUNPATH_SEARCH_PATHS = "$(inherited) @executable_path/Frameworks @loader_path/Frameworks";
				PRODUCT_NAME = "$(TARGET_NAME)";
				TEST_HOST = "$(BUILT_PRODUCTS_DIR)/DBFM.app/DBFM";
			};
			name = Debug;
		};
		7D88F6471AE272310087CD62 /* Release */ = {
			isa = XCBuildConfiguration;
			buildSettings = {
				BUNDLE_LOADER = "$(TEST_HOST)";
				FRAMEWORK_SEARCH_PATHS = (
					"$(SDKROOT)/Developer/Library/Frameworks",
					"$(inherited)",
				);
				INFOPLIST_FILE = DBFMTests/Info.plist;
				LD_RUNPATH_SEARCH_PATHS = "$(inherited) @executable_path/Frameworks @loader_path/Frameworks";
				PRODUCT_NAME = "$(TARGET_NAME)";
				TEST_HOST = "$(BUILT_PRODUCTS_DIR)/DBFM.app/DBFM";
			};
			name = Release;
		};
/* End XCBuildConfiguration section */

/* Begin XCConfigurationList section */
		7D88F61E1AE272310087CD62 /* Build configuration list for PBXProject "DBFM" */ = {
			isa = XCConfigurationList;
			buildConfigurations = (
				7D88F6401AE272310087CD62 /* Debug */,
				7D88F6411AE272310087CD62 /* Release */,
			);
			defaultConfigurationIsVisible = 0;
			defaultConfigurationName = Release;
		};
		7D88F6421AE272310087CD62 /* Build configuration list for PBXNativeTarget "DBFM" */ = {
			isa = XCConfigurationList;
			buildConfigurations = (
				7D88F6431AE272310087CD62 /* Debug */,
				7D88F6441AE272310087CD62 /* Release */,
			);
			defaultConfigurationIsVisible = 0;
			defaultConfigurationName = Release;
		};
		7D88F6451AE272310087CD62 /* Build configuration list for PBXNativeTarget "DBFMTests" */ = {
			isa = XCConfigurationList;
			buildConfigurations = (
				7D88F6461AE272310087CD62 /* Debug */,
				7D88F6471AE272310087CD62 /* Release */,
			);
			defaultConfigurationIsVisible = 0;
			defaultConfigurationName = Release;
		};
/* End XCConfigurationList section */
	};
	rootObject = 7D88F61B1AE272310087CD62 /* Project object */;
}
